
Microsoft Visual Studio Solution File, Format Version 12.00
# Visual Studio Version 17
VisualStudioVersion = 17.9.34902.65
MinimumVisualStudioVersion = 10.0.40219.1
Project("{8BC9CEB8-8B4A-11D0-8D11-00A0C91BC942}") = "A2p4", "A2p4.vcxproj", "{7EC89AE2-EBC6-4084-A067-D110D7A2473B}"
EndProject
Global
	GlobalSection(SolutionConfigurationPlatforms) = preSolution
		Debug|x64 = Debug|x64
		Debug|x86 = Debug|x86
		Release|x64 = Release|x64
		Release|x86 = Release|x86
	EndGlobalSection
	GlobalSection(ProjectConfigurationPlatforms) = postSolution
		{7EC89AE2-EBC6-4084-A067-D110D7A2473B}.Debug|x64.ActiveCfg = Debug|x64
		{7EC89AE2-EBC6-4084-A067-D110D7A2473B}.Debug|x64.Build.0 = Debug|x64
		{7EC89AE2-EBC6-4084-A067-D110D7A2473B}.Debug|x86.ActiveCfg = Debug|Win32
		{7EC89AE2-EBC6-4084-A067-D110D7A2473B}.Debug|x86.Build.0 = Debug|Win32
		{7EC89AE2-EBC6-4084-A067-D110D7A2473B}.Release|x64.ActiveCfg = Release|x64
		{7EC89AE2-EBC6-4084-A067-D110D7A2473B}.Release|x64.Build.0 = Release|x64
		{7EC89AE2-EBC6-4084-A067-D110D7A2473B}.Release|x86.ActiveCfg = Release|Win32
		{7EC89AE2-EBC6-4084-A067-D110D7A2473B}.Release|x86.Build.0 = Release|Win32
	EndGlobalSection
	GlobalSection(SolutionProperties) = preSolution
		HideSolutionNode = FALSE
	EndGlobalSection
	GlobalSection(ExtensibilityGlobals) = postSolution
		SolutionGuid = {C3393BE9-DE16-4B91-BF1F-844215C3399D}
	EndGlobalSection
EndGlobal
